
Microsoft Visual Studio Solution File, Format Version 12.00
# Visual Studio 15
VisualStudioVersion = 15.0.28010.2046
MinimumVisualStudioVersion = 10.0.40219.1
Project("{2150E333-8FDC-42A3-9474-1A3956D46DE8}") = "github", "github", "{8C4436D2-FE86-49BC-96DB-755E2EEB8F8A}"
	ProjectSection(SolutionItems) = preProject
		.gitattributes = .gitattributes
		.gitignore = .gitignore
		LICENSE = LICENSE
		README.md = README.md
	EndProjectSection
EndProject
Project("{2150E333-8FDC-42A3-9474-1A3956D46DE8}") = "src", "src", "{0B3CFC2C-0607-40CA-A2B1-1C473EA60E82}"
EndProject
Project("{9A19103F-16F7-4668-BE54-9A1E7A4F7556}") = "IntoItIf.Core", "src\IntoItIf.Core\IntoItIf.Core.csproj", "{441F46B4-1593-4974-ACCA-937E5051D6EF}"
EndProject
Project("{9A19103F-16F7-4668-BE54-9A1E7A4F7556}") = "IntoItIf.Dal", "src\IntoItIf.Dal\IntoItIf.Dal.csproj", "{3B92183D-6B99-4230-B702-3C7529386840}"
EndProject
Project("{9A19103F-16F7-4668-BE54-9A1E7A4F7556}") = "IntoItIf.Dsl", "src\IntoItIf.Dsl\IntoItIf.Dsl.csproj", "{235F8B59-62B4-422E-BAAC-D4A3BA99A208}"
EndProject
Project("{2150E333-8FDC-42A3-9474-1A3956D46DE8}") = "build", "build", "{A61D32D7-4CE2-4570-864B-1344418A4860}"
	ProjectSection(SolutionItems) = preProject
		appveyor.yml = appveyor.yml
		Build.ps1 = Build.ps1
	EndProjectSection
EndProject
Project("{9A19103F-16F7-4668-BE54-9A1E7A4F7556}") = "IntoItIf.Dsl.Automapper", "src\IntoItIf.Dsl.Automapper\IntoItIf.Dsl.Automapper.csproj", "{2BB731AF-E57D-4E8C-BD07-644A4D3F631C}"
EndProject
Project("{2150E333-8FDC-42A3-9474-1A3956D46DE8}") = "tests", "tests", "{A50C36F9-B54A-4E48-8923-12E6A9197D01}"
EndProject
Project("{9A19103F-16F7-4668-BE54-9A1E7A4F7556}") = "IntoItIf.Tests", "test\IntoItIf.Tests\IntoItIf.Tests.csproj", "{98E50298-C2EE-42FE-B778-B6F297951F96}"
EndProject
Project("{9A19103F-16F7-4668-BE54-9A1E7A4F7556}") = "IntoItIf.Dsl.BatMap", "src\IntoItIf.Dsl.BatMap\IntoItIf.Dsl.BatMap.csproj", "{21B971AD-B292-49A3-ACD1-C6C66B1CF3D3}"
EndProject
Project("{FAE04EC0-301F-11D3-BF4B-00C04F79EFBC}") = "IntoItIf.Dsl.Mapster", "src\IntoItIf.Dsl.Mapster\IntoItIf.Dsl.Mapster.csproj", "{122BB2D7-4DBA-48C2-AB51-CC22932E64D8}"
EndProject
Global
	GlobalSection(SolutionConfigurationPlatforms) = preSolution
		Debug|Any CPU = Debug|Any CPU
		Release|Any CPU = Release|Any CPU
	EndGlobalSection
	GlobalSection(ProjectConfigurationPlatforms) = postSolution
		{441F46B4-1593-4974-ACCA-937E5051D6EF}.Debug|Any CPU.ActiveCfg = Debug|Any CPU
		{441F46B4-1593-4974-ACCA-937E5051D6EF}.Debug|Any CPU.Build.0 = Debug|Any CPU
		{441F46B4-1593-4974-ACCA-937E5051D6EF}.Release|Any CPU.ActiveCfg = Release|Any CPU
		{441F46B4-1593-4974-ACCA-937E5051D6EF}.Release|Any CPU.Build.0 = Release|Any CPU
		{3B92183D-6B99-4230-B702-3C7529386840}.Debug|Any CPU.ActiveCfg = Debug|Any CPU
		{3B92183D-6B99-4230-B702-3C7529386840}.Debug|Any CPU.Build.0 = Debug|Any CPU
		{3B92183D-6B99-4230-B702-3C7529386840}.Release|Any CPU.ActiveCfg = Release|Any CPU
		{3B92183D-6B99-4230-B702-3C7529386840}.Release|Any CPU.Build.0 = Release|Any CPU
		{235F8B59-62B4-422E-BAAC-D4A3BA99A208}.Debug|Any CPU.ActiveCfg = Debug|Any CPU
		{235F8B59-62B4-422E-BAAC-D4A3BA99A208}.Debug|Any CPU.Build.0 = Debug|Any CPU
		{235F8B59-62B4-422E-BAAC-D4A3BA99A208}.Release|Any CPU.ActiveCfg = Release|Any CPU
		{235F8B59-62B4-422E-BAAC-D4A3BA99A208}.Release|Any CPU.Build.0 = Release|Any CPU
		{2BB731AF-E57D-4E8C-BD07-644A4D3F631C}.Debug|Any CPU.ActiveCfg = Debug|Any CPU
		{2BB731AF-E57D-4E8C-BD07-644A4D3F631C}.Debug|Any CPU.Build.0 = Debug|Any CPU
		{2BB731AF-E57D-4E8C-BD07-644A4D3F631C}.Release|Any CPU.ActiveCfg = Release|Any CPU
		{2BB731AF-E57D-4E8C-BD07-644A4D3F631C}.Release|Any CPU.Build.0 = Release|Any CPU
		{98E50298-C2EE-42FE-B778-B6F297951F96}.Debug|Any CPU.ActiveCfg = Debug|Any CPU
		{98E50298-C2EE-42FE-B778-B6F297951F96}.Debug|Any CPU.Build.0 = Debug|Any CPU
		{98E50298-C2EE-42FE-B778-B6F297951F96}.Release|Any CPU.ActiveCfg = Release|Any CPU
		{98E50298-C2EE-42FE-B778-B6F297951F96}.Release|Any CPU.Build.0 = Release|Any CPU
		{21B971AD-B292-49A3-ACD1-C6C66B1CF3D3}.Debug|Any CPU.ActiveCfg = Debug|Any CPU
		{21B971AD-B292-49A3-ACD1-C6C66B1CF3D3}.Debug|Any CPU.Build.0 = Debug|Any CPU
		{21B971AD-B292-49A3-ACD1-C6C66B1CF3D3}.Release|Any CPU.ActiveCfg = Release|Any CPU
		{21B971AD-B292-49A3-ACD1-C6C66B1CF3D3}.Release|Any CPU.Build.0 = Release|Any CPU
		{122BB2D7-4DBA-48C2-AB51-CC22932E64D8}.Debug|Any CPU.ActiveCfg = Debug|Any CPU
		{122BB2D7-4DBA-48C2-AB51-CC22932E64D8}.Debug|Any CPU.Build.0 = Debug|Any CPU
		{122BB2D7-4DBA-48C2-AB51-CC22932E64D8}.Release|Any CPU.ActiveCfg = Release|Any CPU
		{122BB2D7-4DBA-48C2-AB51-CC22932E64D8}.Release|Any CPU.Build.0 = Release|Any CPU
	EndGlobalSection
	GlobalSection(SolutionProperties) = preSolution
		HideSolutionNode = FALSE
	EndGlobalSection
	GlobalSection(NestedProjects) = preSolution
		{441F46B4-1593-4974-ACCA-937E5051D6EF} = {0B3CFC2C-0607-40CA-A2B1-1C473EA60E82}
		{3B92183D-6B99-4230-B702-3C7529386840} = {0B3CFC2C-0607-40CA-A2B1-1C473EA60E82}
		{235F8B59-62B4-422E-BAAC-D4A3BA99A208} = {0B3CFC2C-0607-40CA-A2B1-1C473EA60E82}
		{2BB731AF-E57D-4E8C-BD07-644A4D3F631C} = {0B3CFC2C-0607-40CA-A2B1-1C473EA60E82}
		{98E50298-C2EE-42FE-B778-B6F297951F96} = {A50C36F9-B54A-4E48-8923-12E6A9197D01}
		{21B971AD-B292-49A3-ACD1-C6C66B1CF3D3} = {0B3CFC2C-0607-40CA-A2B1-1C473EA60E82}
		{122BB2D7-4DBA-48C2-AB51-CC22932E64D8} = {0B3CFC2C-0607-40CA-A2B1-1C473EA60E82}
	EndGlobalSection
	GlobalSection(ExtensibilityGlobals) = postSolution
		SolutionGuid = {B14342F1-6A48-42E7-8548-0A11E364A7D8}
	EndGlobalSection
EndGlobal
