
Microsoft Visual Studio Solution File, Format Version 12.00
# Visual Studio 15
VisualStudioVersion = 15.0.28010.2046
MinimumVisualStudioVersion = 10.0.40219.1
Project("{2150E333-8FDC-42A3-9474-1A3956D46DE8}") = "github", "github", "{8C4436D2-FE86-49BC-96DB-755E2EEB8F8A}"
	ProjectSection(SolutionItems) = preProject
		.gitattributes = .gitattributes
		.gitignore = .gitignore
		LICENSE = LICENSE
		README.md = README.md
	EndProjectSection
EndProject
Project("{2150E333-8FDC-42A3-9474-1A3956D46DE8}") = "src", "src", "{0B3CFC2C-0607-40CA-A2B1-1C473EA60E82}"
EndProject
Project("{2150E333-8FDC-42A3-9474-1A3956D46DE8}") = "build", "build", "{A61D32D7-4CE2-4570-864B-1344418A4860}"
	ProjectSection(SolutionItems) = preProject
		appveyor.yml = appveyor.yml
		Build.ps1 = Build.ps1
	EndProjectSection
EndProject
Project("{2150E333-8FDC-42A3-9474-1A3956D46DE8}") = "tests", "tests", "{A50C36F9-B54A-4E48-8923-12E6A9197D01}"
EndProject
Project("{9A19103F-16F7-4668-BE54-9A1E7A4F7556}") = "IntoItIf.Base", "src\IntoItIf.Base\IntoItIf.Base.csproj", "{4B05B7C8-B62F-497A-BDE9-0DBB77183FC5}"
EndProject
Project("{9A19103F-16F7-4668-BE54-9A1E7A4F7556}") = "IntoItIf.Ef", "src\IntoItIf.Ef\IntoItIf.Ef.csproj", "{1696D63E-20EA-4E84-BD35-A8F93B850C64}"
EndProject
Project("{9A19103F-16F7-4668-BE54-9A1E7A4F7556}") = "IntoItIf.Tests", "test\IntoItIf.Tests\IntoItIf.Tests.csproj", "{D6A90CEA-B137-408A-94DB-6436E4F2CE5D}"
EndProject
Project("{9A19103F-16F7-4668-BE54-9A1E7A4F7556}") = "IntoItIf.Base.AutoMapper", "src\IntoItIf.Base.AutoMapper\IntoItIf.Base.AutoMapper.csproj", "{90F9A347-B4C5-4ACC-8888-691BC46CDAD4}"
EndProject
Project("{9A19103F-16F7-4668-BE54-9A1E7A4F7556}") = "IntoItIf.MongoDb", "src\IntoItIf.MongoDb\IntoItIf.MongoDb.csproj", "{FE9D066C-5E97-4E5D-981B-8A36667686EF}"
EndProject
Project("{FAE04EC0-301F-11D3-BF4B-00C04F79EFBC}") = "IntoItIf.MongoDb.AspNetCore", "IntoItIf.MongoDb.AspNetCore\IntoItIf.MongoDb.AspNetCore.csproj", "{F9B95656-20AC-4D95-A0E9-C025381E21C4}"
EndProject
Global
	GlobalSection(SolutionConfigurationPlatforms) = preSolution
		Debug|Any CPU = Debug|Any CPU
		Release|Any CPU = Release|Any CPU
	EndGlobalSection
	GlobalSection(ProjectConfigurationPlatforms) = postSolution
		{4B05B7C8-B62F-497A-BDE9-0DBB77183FC5}.Debug|Any CPU.ActiveCfg = Debug|Any CPU
		{4B05B7C8-B62F-497A-BDE9-0DBB77183FC5}.Debug|Any CPU.Build.0 = Debug|Any CPU
		{4B05B7C8-B62F-497A-BDE9-0DBB77183FC5}.Release|Any CPU.ActiveCfg = Debug|Any CPU
		{4B05B7C8-B62F-497A-BDE9-0DBB77183FC5}.Release|Any CPU.Build.0 = Debug|Any CPU
		{1696D63E-20EA-4E84-BD35-A8F93B850C64}.Debug|Any CPU.ActiveCfg = Debug|Any CPU
		{1696D63E-20EA-4E84-BD35-A8F93B850C64}.Debug|Any CPU.Build.0 = Debug|Any CPU
		{1696D63E-20EA-4E84-BD35-A8F93B850C64}.Release|Any CPU.ActiveCfg = Debug|Any CPU
		{1696D63E-20EA-4E84-BD35-A8F93B850C64}.Release|Any CPU.Build.0 = Debug|Any CPU
		{D6A90CEA-B137-408A-94DB-6436E4F2CE5D}.Debug|Any CPU.ActiveCfg = Debug|Any CPU
		{D6A90CEA-B137-408A-94DB-6436E4F2CE5D}.Debug|Any CPU.Build.0 = Debug|Any CPU
		{D6A90CEA-B137-408A-94DB-6436E4F2CE5D}.Release|Any CPU.ActiveCfg = Debug|Any CPU
		{D6A90CEA-B137-408A-94DB-6436E4F2CE5D}.Release|Any CPU.Build.0 = Debug|Any CPU
		{90F9A347-B4C5-4ACC-8888-691BC46CDAD4}.Debug|Any CPU.ActiveCfg = Debug|Any CPU
		{90F9A347-B4C5-4ACC-8888-691BC46CDAD4}.Debug|Any CPU.Build.0 = Debug|Any CPU
		{90F9A347-B4C5-4ACC-8888-691BC46CDAD4}.Release|Any CPU.ActiveCfg = Debug|Any CPU
		{90F9A347-B4C5-4ACC-8888-691BC46CDAD4}.Release|Any CPU.Build.0 = Debug|Any CPU
		{FE9D066C-5E97-4E5D-981B-8A36667686EF}.Debug|Any CPU.ActiveCfg = Debug|Any CPU
		{FE9D066C-5E97-4E5D-981B-8A36667686EF}.Debug|Any CPU.Build.0 = Debug|Any CPU
		{FE9D066C-5E97-4E5D-981B-8A36667686EF}.Release|Any CPU.ActiveCfg = Debug|Any CPU
		{FE9D066C-5E97-4E5D-981B-8A36667686EF}.Release|Any CPU.Build.0 = Debug|Any CPU
		{F9B95656-20AC-4D95-A0E9-C025381E21C4}.Debug|Any CPU.ActiveCfg = Debug|Any CPU
		{F9B95656-20AC-4D95-A0E9-C025381E21C4}.Debug|Any CPU.Build.0 = Debug|Any CPU
		{F9B95656-20AC-4D95-A0E9-C025381E21C4}.Release|Any CPU.ActiveCfg = Release|Any CPU
		{F9B95656-20AC-4D95-A0E9-C025381E21C4}.Release|Any CPU.Build.0 = Release|Any CPU
	EndGlobalSection
	GlobalSection(SolutionProperties) = preSolution
		HideSolutionNode = FALSE
	EndGlobalSection
	GlobalSection(NestedProjects) = preSolution
		{4B05B7C8-B62F-497A-BDE9-0DBB77183FC5} = {0B3CFC2C-0607-40CA-A2B1-1C473EA60E82}
		{1696D63E-20EA-4E84-BD35-A8F93B850C64} = {0B3CFC2C-0607-40CA-A2B1-1C473EA60E82}
		{D6A90CEA-B137-408A-94DB-6436E4F2CE5D} = {A50C36F9-B54A-4E48-8923-12E6A9197D01}
		{90F9A347-B4C5-4ACC-8888-691BC46CDAD4} = {0B3CFC2C-0607-40CA-A2B1-1C473EA60E82}
		{FE9D066C-5E97-4E5D-981B-8A36667686EF} = {0B3CFC2C-0607-40CA-A2B1-1C473EA60E82}
		{F9B95656-20AC-4D95-A0E9-C025381E21C4} = {0B3CFC2C-0607-40CA-A2B1-1C473EA60E82}
	EndGlobalSection
	GlobalSection(ExtensibilityGlobals) = postSolution
		SolutionGuid = {B14342F1-6A48-42E7-8548-0A11E364A7D8}
	EndGlobalSection
EndGlobal
